// !$*UTF8*$!
{
	archiveVersion = 1;
	classes = {
	};
	objectVersion = 46;
	objects = {

/* Begin PBXBuildFile section */
		A911EF031B0CC65C00DAF051 /* meme-me-logo-block.png in Resources */ = {isa = PBXBuildFile; fileRef = A911EEFF1B0CC65C00DAF051 /* meme-me-logo-block.png */; };
		A911EF041B0CC65C00DAF051 /* meme-me-logo-dot-sm.png in Resources */ = {isa = PBXBuildFile; fileRef = A911EF001B0CC65C00DAF051 /* meme-me-logo-dot-sm.png */; };
		A911EF051B0CC65C00DAF051 /* meme-me-logo-dot.png in Resources */ = {isa = PBXBuildFile; fileRef = A911EF011B0CC65C00DAF051 /* meme-me-logo-dot.png */; };
		A911EF061B0CC65C00DAF051 /* meme-me-logo-md.png in Resources */ = {isa = PBXBuildFile; fileRef = A911EF021B0CC65C00DAF051 /* meme-me-logo-md.png */; };
		A92DFECB1B0AC9EC005DCD0F /* meme-me-logo.png in Resources */ = {isa = PBXBuildFile; fileRef = A92DFECA1B0AC9EC005DCD0F /* meme-me-logo.png */; };
		A92DFECD1B0ACD8A005DCD0F /* meme-me-logo-sm.png in Resources */ = {isa = PBXBuildFile; fileRef = A92DFECC1B0ACD8A005DCD0F /* meme-me-logo-sm.png */; };
		A934176A1B051E6900C7CCF6 /* MemeEditor.swift in Sources */ = {isa = PBXBuildFile; fileRef = A93417691B051E6900C7CCF6 /* MemeEditor.swift */; };
		A957D1AB1B011FA4006F2507 /* MemeTableViewController.swift in Sources */ = {isa = PBXBuildFile; fileRef = A957D1AA1B011FA4006F2507 /* MemeTableViewController.swift */; };
		A980A94D1AF813A900863477 /* AppDelegate.swift in Sources */ = {isa = PBXBuildFile; fileRef = A980A94C1AF813A900863477 /* AppDelegate.swift */; };
		A980A9521AF813A900863477 /* Main.storyboard in Resources */ = {isa = PBXBuildFile; fileRef = A980A9501AF813A900863477 /* Main.storyboard */; };
		A980A9541AF813A900863477 /* Images.xcassets in Resources */ = {isa = PBXBuildFile; fileRef = A980A9531AF813A900863477 /* Images.xcassets */; };
		A980A9571AF813A900863477 /* LaunchScreen.xib in Resources */ = {isa = PBXBuildFile; fileRef = A980A9551AF813A900863477 /* LaunchScreen.xib */; };
		A980A9631AF813A900863477 /* Image_PickerTests.swift in Sources */ = {isa = PBXBuildFile; fileRef = A980A9621AF813A900863477 /* Image_PickerTests.swift */; };
		A980A9711AFA6BB900863477 /* Meme.swift in Sources */ = {isa = PBXBuildFile; fileRef = A980A9701AFA6BB900863477 /* Meme.swift */; };
		A984FA311B0CD8AC0013775C /* MemeDetailView.swift in Sources */ = {isa = PBXBuildFile; fileRef = A984FA301B0CD8AC0013775C /* MemeDetailView.swift */; };
		A99146681B02ED8300CD3453 /* MemeCellViewController.swift in Sources */ = {isa = PBXBuildFile; fileRef = A99146671B02ED8300CD3453 /* MemeCellViewController.swift */; };
		A991466A1B02EEAF00CD3453 /* MemeCollectionViewController.swift in Sources */ = {isa = PBXBuildFile; fileRef = A99146691B02EEAF00CD3453 /* MemeCollectionViewController.swift */; };
		A9E940821B0CE98C00801415 /* grid.png in Resources */ = {isa = PBXBuildFile; fileRef = A9E940801B0CE98C00801415 /* grid.png */; };
		A9E940831B0CE98C00801415 /* table.png in Resources */ = {isa = PBXBuildFile; fileRef = A9E940811B0CE98C00801415 /* table.png */; };
/* End PBXBuildFile section */

/* Begin PBXContainerItemProxy section */
		A980A95D1AF813A900863477 /* PBXContainerItemProxy */ = {
			isa = PBXContainerItemProxy;
			containerPortal = A980A93F1AF813A900863477 /* Project object */;
			proxyType = 1;
			remoteGlobalIDString = A980A9461AF813A900863477;
			remoteInfo = "Image Picker";
		};
/* End PBXContainerItemProxy section */

/* Begin PBXFileReference section */
		A911EEFF1B0CC65C00DAF051 /* meme-me-logo-block.png */ = {isa = PBXFileReference; lastKnownFileType = image.png; path = "meme-me-logo-block.png"; sourceTree = "<group>"; };
		A911EF001B0CC65C00DAF051 /* meme-me-logo-dot-sm.png */ = {isa = PBXFileReference; lastKnownFileType = image.png; path = "meme-me-logo-dot-sm.png"; sourceTree = "<group>"; };
		A911EF011B0CC65C00DAF051 /* meme-me-logo-dot.png */ = {isa = PBXFileReference; lastKnownFileType = image.png; path = "meme-me-logo-dot.png"; sourceTree = "<group>"; };
		A911EF021B0CC65C00DAF051 /* meme-me-logo-md.png */ = {isa = PBXFileReference; lastKnownFileType = image.png; path = "meme-me-logo-md.png"; sourceTree = "<group>"; };
		A92DFECA1B0AC9EC005DCD0F /* meme-me-logo.png */ = {isa = PBXFileReference; lastKnownFileType = image.png; path = "meme-me-logo.png"; sourceTree = "<group>"; };
		A92DFECC1B0ACD8A005DCD0F /* meme-me-logo-sm.png */ = {isa = PBXFileReference; lastKnownFileType = image.png; path = "meme-me-logo-sm.png"; sourceTree = "<group>"; };
		A93417691B051E6900C7CCF6 /* MemeEditor.swift */ = {isa = PBXFileReference; fileEncoding = 4; lastKnownFileType = sourcecode.swift; path = MemeEditor.swift; sourceTree = "<group>"; };
		A957D1AA1B011FA4006F2507 /* MemeTableViewController.swift */ = {isa = PBXFileReference; fileEncoding = 4; lastKnownFileType = sourcecode.swift; path = MemeTableViewController.swift; sourceTree = "<group>"; };
		A980A9471AF813A900863477 /* MemeMe.app */ = {isa = PBXFileReference; explicitFileType = wrapper.application; includeInIndex = 0; path = MemeMe.app; sourceTree = BUILT_PRODUCTS_DIR; };
		A980A94B1AF813A900863477 /* Info.plist */ = {isa = PBXFileReference; lastKnownFileType = text.plist.xml; path = Info.plist; sourceTree = "<group>"; };
		A980A94C1AF813A900863477 /* AppDelegate.swift */ = {isa = PBXFileReference; lastKnownFileType = sourcecode.swift; path = AppDelegate.swift; sourceTree = "<group>"; };
		A980A9511AF813A900863477 /* Base */ = {isa = PBXFileReference; lastKnownFileType = file.storyboard; name = Base; path = Base.lproj/Main.storyboard; sourceTree = "<group>"; };
		A980A9531AF813A900863477 /* Images.xcassets */ = {isa = PBXFileReference; lastKnownFileType = folder.assetcatalog; path = Images.xcassets; sourceTree = "<group>"; };
		A980A9561AF813A900863477 /* Base */ = {isa = PBXFileReference; lastKnownFileType = file.xib; name = Base; path = Base.lproj/LaunchScreen.xib; sourceTree = "<group>"; };
		A980A95C1AF813A900863477 /* MemeMeTests.xctest */ = {isa = PBXFileReference; explicitFileType = wrapper.cfbundle; includeInIndex = 0; path = MemeMeTests.xctest; sourceTree = BUILT_PRODUCTS_DIR; };
		A980A9611AF813A900863477 /* Info.plist */ = {isa = PBXFileReference; lastKnownFileType = text.plist.xml; path = Info.plist; sourceTree = "<group>"; };
		A980A9621AF813A900863477 /* Image_PickerTests.swift */ = {isa = PBXFileReference; lastKnownFileType = sourcecode.swift; path = Image_PickerTests.swift; sourceTree = "<group>"; };
		A980A9701AFA6BB900863477 /* Meme.swift */ = {isa = PBXFileReference; fileEncoding = 4; lastKnownFileType = sourcecode.swift; path = Meme.swift; sourceTree = "<group>"; };
		A984FA301B0CD8AC0013775C /* MemeDetailView.swift */ = {isa = PBXFileReference; fileEncoding = 4; lastKnownFileType = sourcecode.swift; path = MemeDetailView.swift; sourceTree = "<group>"; };
		A99146671B02ED8300CD3453 /* MemeCellViewController.swift */ = {isa = PBXFileReference; fileEncoding = 4; lastKnownFileType = sourcecode.swift; path = MemeCellViewController.swift; sourceTree = "<group>"; };
		A99146691B02EEAF00CD3453 /* MemeCollectionViewController.swift */ = {isa = PBXFileReference; fileEncoding = 4; lastKnownFileType = sourcecode.swift; path = MemeCollectionViewController.swift; sourceTree = "<group>"; };
		A9E940801B0CE98C00801415 /* grid.png */ = {isa = PBXFileReference; lastKnownFileType = image.png; path = grid.png; sourceTree = "<group>"; };
		A9E940811B0CE98C00801415 /* table.png */ = {isa = PBXFileReference; lastKnownFileType = image.png; path = table.png; sourceTree = "<group>"; };
/* End PBXFileReference section */

/* Begin PBXFrameworksBuildPhase section */
		A980A9441AF813A900863477 /* Frameworks */ = {
			isa = PBXFrameworksBuildPhase;
			buildActionMask = 2147483647;
			files = (
			);
			runOnlyForDeploymentPostprocessing = 0;
		};
		A980A9591AF813A900863477 /* Frameworks */ = {
			isa = PBXFrameworksBuildPhase;
			buildActionMask = 2147483647;
			files = (
			);
			runOnlyForDeploymentPostprocessing = 0;
		};
/* End PBXFrameworksBuildPhase section */

/* Begin PBXGroup section */
		A980A93E1AF813A900863477 = {
			isa = PBXGroup;
			children = (
				A980A9491AF813A900863477 /* MemeMe */,
				A980A95F1AF813A900863477 /* MemeMeTests */,
				A980A9481AF813A900863477 /* Products */,
			);
			sourceTree = "<group>";
		};
		A980A9481AF813A900863477 /* Products */ = {
			isa = PBXGroup;
			children = (
				A980A9471AF813A900863477 /* MemeMe.app */,
				A980A95C1AF813A900863477 /* MemeMeTests.xctest */,
			);
			name = Products;
			sourceTree = "<group>";
		};
		A980A9491AF813A900863477 /* MemeMe */ = {
			isa = PBXGroup;
			children = (
				A980A94C1AF813A900863477 /* AppDelegate.swift */,
				A980A9501AF813A900863477 /* Main.storyboard */,
				A980A9531AF813A900863477 /* Images.xcassets */,
				A980A9551AF813A900863477 /* LaunchScreen.xib */,
				A980A94A1AF813A900863477 /* Supporting Files */,
				A980A9701AFA6BB900863477 /* Meme.swift */,
				A957D1AA1B011FA4006F2507 /* MemeTableViewController.swift */,
				A99146671B02ED8300CD3453 /* MemeCellViewController.swift */,
				A99146691B02EEAF00CD3453 /* MemeCollectionViewController.swift */,
				A93417691B051E6900C7CCF6 /* MemeEditor.swift */,
				A984FA301B0CD8AC0013775C /* MemeDetailView.swift */,
			);
			name = MemeMe;
			path = "Image Picker";
			sourceTree = "<group>";
		};
		A980A94A1AF813A900863477 /* Supporting Files */ = {
			isa = PBXGroup;
			children = (
				A9E940801B0CE98C00801415 /* grid.png */,
				A9E940811B0CE98C00801415 /* table.png */,
				A911EEFF1B0CC65C00DAF051 /* meme-me-logo-block.png */,
				A911EF001B0CC65C00DAF051 /* meme-me-logo-dot-sm.png */,
				A911EF011B0CC65C00DAF051 /* meme-me-logo-dot.png */,
				A911EF021B0CC65C00DAF051 /* meme-me-logo-md.png */,
				A92DFECA1B0AC9EC005DCD0F /* meme-me-logo.png */,
				A92DFECC1B0ACD8A005DCD0F /* meme-me-logo-sm.png */,
				A980A94B1AF813A900863477 /* Info.plist */,
			);
			name = "Supporting Files";
			sourceTree = "<group>";
		};
		A980A95F1AF813A900863477 /* MemeMeTests */ = {
			isa = PBXGroup;
			children = (
				A980A9621AF813A900863477 /* Image_PickerTests.swift */,
				A980A9601AF813A900863477 /* Supporting Files */,
			);
			name = MemeMeTests;
			path = "Image PickerTests";
			sourceTree = "<group>";
		};
		A980A9601AF813A900863477 /* Supporting Files */ = {
			isa = PBXGroup;
			children = (
				A980A9611AF813A900863477 /* Info.plist */,
			);
			name = "Supporting Files";
			sourceTree = "<group>";
		};
/* End PBXGroup section */

/* Begin PBXNativeTarget section */
		A980A9461AF813A900863477 /* MemeMe */ = {
			isa = PBXNativeTarget;
			buildConfigurationList = A980A9661AF813A900863477 /* Build configuration list for PBXNativeTarget "MemeMe" */;
			buildPhases = (
				A980A9431AF813A900863477 /* Sources */,
				A980A9441AF813A900863477 /* Frameworks */,
				A980A9451AF813A900863477 /* Resources */,
			);
			buildRules = (
			);
			dependencies = (
			);
			name = MemeMe;
			productName = "Image Picker";
			productReference = A980A9471AF813A900863477 /* MemeMe.app */;
			productType = "com.apple.product-type.application";
		};
		A980A95B1AF813A900863477 /* MemeMeTests */ = {
			isa = PBXNativeTarget;
			buildConfigurationList = A980A9691AF813A900863477 /* Build configuration list for PBXNativeTarget "MemeMeTests" */;
			buildPhases = (
				A980A9581AF813A900863477 /* Sources */,
				A980A9591AF813A900863477 /* Frameworks */,
				A980A95A1AF813A900863477 /* Resources */,
			);
			buildRules = (
			);
			dependencies = (
				A980A95E1AF813A900863477 /* PBXTargetDependency */,
			);
			name = MemeMeTests;
			productName = "Image PickerTests";
			productReference = A980A95C1AF813A900863477 /* MemeMeTests.xctest */;
			productType = "com.apple.product-type.bundle.unit-test";
		};
/* End PBXNativeTarget section */

/* Begin PBXProject section */
		A980A93F1AF813A900863477 /* Project object */ = {
			isa = PBXProject;
			attributes = {
				LastUpgradeCheck = 0630;
				ORGANIZATIONNAME = KSamalin;
				TargetAttributes = {
					A980A9461AF813A900863477 = {
						CreatedOnToolsVersion = 6.3.1;
					};
					A980A95B1AF813A900863477 = {
						CreatedOnToolsVersion = 6.3.1;
						TestTargetID = A980A9461AF813A900863477;
					};
				};
			};
			buildConfigurationList = A980A9421AF813A900863477 /* Build configuration list for PBXProject "MemeMe" */;
			compatibilityVersion = "Xcode 3.2";
			developmentRegion = English;
			hasScannedForEncodings = 0;
			knownRegions = (
				en,
				Base,
			);
			mainGroup = A980A93E1AF813A900863477;
			productRefGroup = A980A9481AF813A900863477 /* Products */;
			projectDirPath = "";
			projectRoot = "";
			targets = (
				A980A9461AF813A900863477 /* MemeMe */,
				A980A95B1AF813A900863477 /* MemeMeTests */,
			);
		};
/* End PBXProject section */

/* Begin PBXResourcesBuildPhase section */
		A980A9451AF813A900863477 /* Resources */ = {
			isa = PBXResourcesBuildPhase;
			buildActionMask = 2147483647;
			files = (
				A9E940831B0CE98C00801415 /* table.png in Resources */,
				A911EF031B0CC65C00DAF051 /* meme-me-logo-block.png in Resources */,
				A9E940821B0CE98C00801415 /* grid.png in Resources */,
				A92DFECD1B0ACD8A005DCD0F /* meme-me-logo-sm.png in Resources */,
				A911EF061B0CC65C00DAF051 /* meme-me-logo-md.png in Resources */,
				A911EF041B0CC65C00DAF051 /* meme-me-logo-dot-sm.png in Resources */,
				A92DFECB1B0AC9EC005DCD0F /* meme-me-logo.png in Resources */,
				A911EF051B0CC65C00DAF051 /* meme-me-logo-dot.png in Resources */,
				A980A9521AF813A900863477 /* Main.storyboard in Resources */,
				A980A9571AF813A900863477 /* LaunchScreen.xib in Resources */,
				A980A9541AF813A900863477 /* Images.xcassets in Resources */,
			);
			runOnlyForDeploymentPostprocessing = 0;
		};
		A980A95A1AF813A900863477 /* Resources */ = {
			isa = PBXResourcesBuildPhase;
			buildActionMask = 2147483647;
			files = (
			);
			runOnlyForDeploymentPostprocessing = 0;
		};
/* End PBXResourcesBuildPhase section */

/* Begin PBXSourcesBuildPhase section */
		A980A9431AF813A900863477 /* Sources */ = {
			isa = PBXSourcesBuildPhase;
			buildActionMask = 2147483647;
			files = (
				A980A9711AFA6BB900863477 /* Meme.swift in Sources */,
				A980A94D1AF813A900863477 /* AppDelegate.swift in Sources */,
				A99146681B02ED8300CD3453 /* MemeCellViewController.swift in Sources */,
				A991466A1B02EEAF00CD3453 /* MemeCollectionViewController.swift in Sources */,
				A957D1AB1B011FA4006F2507 /* MemeTableViewController.swift in Sources */,
				A934176A1B051E6900C7CCF6 /* MemeEditor.swift in Sources */,
				A984FA311B0CD8AC0013775C /* MemeDetailView.swift in Sources */,
			);
			runOnlyForDeploymentPostprocessing = 0;
		};
		A980A9581AF813A900863477 /* Sources */ = {
			isa = PBXSourcesBuildPhase;
			buildActionMask = 2147483647;
			files = (
				A980A9631AF813A900863477 /* Image_PickerTests.swift in Sources */,
			);
			runOnlyForDeploymentPostprocessing = 0;
		};
/* End PBXSourcesBuildPhase section */

/* Begin PBXTargetDependency section */
		A980A95E1AF813A900863477 /* PBXTargetDependency */ = {
			isa = PBXTargetDependency;
			target = A980A9461AF813A900863477 /* MemeMe */;
			targetProxy = A980A95D1AF813A900863477 /* PBXContainerItemProxy */;
		};
/* End PBXTargetDependency section */

/* Begin PBXVariantGroup section */
		A980A9501AF813A900863477 /* Main.storyboard */ = {
			isa = PBXVariantGroup;
			children = (
				A980A9511AF813A900863477 /* Base */,
			);
			name = Main.storyboard;
			sourceTree = "<group>";
		};
		A980A9551AF813A900863477 /* LaunchScreen.xib */ = {
			isa = PBXVariantGroup;
			children = (
				A980A9561AF813A900863477 /* Base */,
			);
			name = LaunchScreen.xib;
			sourceTree = "<group>";
		};
/* End PBXVariantGroup section */

/* Begin XCBuildConfiguration section */
		A980A9641AF813A900863477 /* Debug */ = {
			isa = XCBuildConfiguration;
			buildSettings = {
				ALWAYS_SEARCH_USER_PATHS = NO;
				CLANG_CXX_LANGUAGE_STANDARD = "gnu++0x";
				CLANG_CXX_LIBRARY = "libc++";
				CLANG_ENABLE_MODULES = YES;
				CLANG_ENABLE_OBJC_ARC = YES;
				CLANG_WARN_BOOL_CONVERSION = YES;
				CLANG_WARN_CONSTANT_CONVERSION = YES;
				CLANG_WARN_DIRECT_OBJC_ISA_USAGE = YES_ERROR;
				CLANG_WARN_EMPTY_BODY = YES;
				CLANG_WARN_ENUM_CONVERSION = YES;
				CLANG_WARN_INT_CONVERSION = YES;
				CLANG_WARN_OBJC_ROOT_CLASS = YES_ERROR;
				CLANG_WARN_UNREACHABLE_CODE = YES;
				CLANG_WARN__DUPLICATE_METHOD_MATCH = YES;
				"CODE_SIGN_IDENTITY[sdk=iphoneos*]" = "iPhone Developer";
				COPY_PHASE_STRIP = NO;
				DEBUG_INFORMATION_FORMAT = "dwarf-with-dsym";
				ENABLE_STRICT_OBJC_MSGSEND = YES;
				GCC_C_LANGUAGE_STANDARD = gnu99;
				GCC_DYNAMIC_NO_PIC = NO;
				GCC_NO_COMMON_BLOCKS = YES;
				GCC_OPTIMIZATION_LEVEL = 0;
				GCC_PREPROCESSOR_DEFINITIONS = (
					"DEBUG=1",
					"$(inherited)",
				);
				GCC_SYMBOLS_PRIVATE_EXTERN = NO;
				GCC_WARN_64_TO_32_BIT_CONVERSION = YES;
				GCC_WARN_ABOUT_RETURN_TYPE = YES_ERROR;
				GCC_WARN_UNDECLARED_SELECTOR = YES;
				GCC_WARN_UNINITIALIZED_AUTOS = YES_AGGRESSIVE;
				GCC_WARN_UNUSED_FUNCTION = YES;
				GCC_WARN_UNUSED_VARIABLE = YES;
				IPHONEOS_DEPLOYMENT_TARGET = 8.3;
				MTL_ENABLE_DEBUG_INFO = YES;
				ONLY_ACTIVE_ARCH = YES;
				SDKROOT = iphoneos;
				SWIFT_OPTIMIZATION_LEVEL = "-Onone";
			};
			name = Debug;
		};
		A980A9651AF813A900863477 /* Release */ = {
			isa = XCBuildConfiguration;
			buildSettings = {
				ALWAYS_SEARCH_USER_PATHS = NO;
				CLANG_CXX_LANGUAGE_STANDARD = "gnu++0x";
				CLANG_CXX_LIBRARY = "libc++";
				CLANG_ENABLE_MODULES = YES;
				CLANG_ENABLE_OBJC_ARC = YES;
				CLANG_WARN_BOOL_CONVERSION = YES;
				CLANG_WARN_CONSTANT_CONVERSION = YES;
				CLANG_WARN_DIRECT_OBJC_ISA_USAGE = YES_ERROR;
				CLANG_WARN_EMPTY_BODY = YES;
				CLANG_WARN_ENUM_CONVERSION = YES;
				CLANG_WARN_INT_CONVERSION = YES;
				CLANG_WARN_OBJC_ROOT_CLASS = YES_ERROR;
				CLANG_WARN_UNREACHABLE_CODE = YES;
				CLANG_WARN__DUPLICATE_METHOD_MATCH = YES;
				"CODE_SIGN_IDENTITY[sdk=iphoneos*]" = "iPhone Developer";
				COPY_PHASE_STRIP = NO;
				DEBUG_INFORMATION_FORMAT = "dwarf-with-dsym";
				ENABLE_NS_ASSERTIONS = NO;
				ENABLE_STRICT_OBJC_MSGSEND = YES;
				GCC_C_LANGUAGE_STANDARD = gnu99;
				GCC_NO_COMMON_BLOCKS = YES;
				GCC_WARN_64_TO_32_BIT_CONVERSION = YES;
				GCC_WARN_ABOUT_RETURN_TYPE = YES_ERROR;
				GCC_WARN_UNDECLARED_SELECTOR = YES;
				GCC_WARN_UNINITIALIZED_AUTOS = YES_AGGRESSIVE;
				GCC_WARN_UNUSED_FUNCTION = YES;
				GCC_WARN_UNUSED_VARIABLE = YES;
				IPHONEOS_DEPLOYMENT_TARGET = 8.3;
				MTL_ENABLE_DEBUG_INFO = NO;
				SDKROOT = iphoneos;
				VALIDATE_PRODUCT = YES;
			};
			name = Release;
		};
		A980A9671AF813A900863477 /* Debug */ = {
			isa = XCBuildConfiguration;
			buildSettings = {
				ASSETCATALOG_COMPILER_APPICON_NAME = AppIcon;
				INFOPLIST_FILE = "Image Picker/Info.plist";
				LD_RUNPATH_SEARCH_PATHS = "$(inherited) @executable_path/Frameworks";
				PRODUCT_NAME = MemeMe;
			};
			name = Debug;
		};
		A980A9681AF813A900863477 /* Release */ = {
			isa = XCBuildConfiguration;
			buildSettings = {
				ASSETCATALOG_COMPILER_APPICON_NAME = AppIcon;
				INFOPLIST_FILE = "Image Picker/Info.plist";
				LD_RUNPATH_SEARCH_PATHS = "$(inherited) @executable_path/Frameworks";
				PRODUCT_NAME = MemeMe;
			};
			name = Release;
		};
		A980A96A1AF813A900863477 /* Debug */ = {
			isa = XCBuildConfiguration;
			buildSettings = {
				FRAMEWORK_SEARCH_PATHS = (
					"$(SDKROOT)/Developer/Library/Frameworks",
					"$(inherited)",
				);
				GCC_PREPROCESSOR_DEFINITIONS = (
					"DEBUG=1",
					"$(inherited)",
				);
				INFOPLIST_FILE = "Image PickerTests/Info.plist";
				LD_RUNPATH_SEARCH_PATHS = "$(inherited) @executable_path/Frameworks @loader_path/Frameworks";
				PRODUCT_NAME = MemeMeTests;
				TEST_HOST = "$(BUILT_PRODUCTS_DIR)/MemeMe.app/MemeMe";
			};
			name = Debug;
		};
		A980A96B1AF813A900863477 /* Release */ = {
			isa = XCBuildConfiguration;
			buildSettings = {
				FRAMEWORK_SEARCH_PATHS = (
					"$(SDKROOT)/Developer/Library/Frameworks",
					"$(inherited)",
				);
				INFOPLIST_FILE = "Image PickerTests/Info.plist";
				LD_RUNPATH_SEARCH_PATHS = "$(inherited) @executable_path/Frameworks @loader_path/Frameworks";
				PRODUCT_NAME = MemeMeTests;
				TEST_HOST = "$(BUILT_PRODUCTS_DIR)/MemeMe.app/MemeMe";
			};
			name = Release;
		};
/* End XCBuildConfiguration section */

/* Begin XCConfigurationList section */
		A980A9421AF813A900863477 /* Build configuration list for PBXProject "MemeMe" */ = {
			isa = XCConfigurationList;
			buildConfigurations = (
				A980A9641AF813A900863477 /* Debug */,
				A980A9651AF813A900863477 /* Release */,
			);
			defaultConfigurationIsVisible = 0;
			defaultConfigurationName = Release;
		};
		A980A9661AF813A900863477 /* Build configuration list for PBXNativeTarget "MemeMe" */ = {
			isa = XCConfigurationList;
			buildConfigurations = (
				A980A9671AF813A900863477 /* Debug */,
				A980A9681AF813A900863477 /* Release */,
			);
			defaultConfigurationIsVisible = 0;
			defaultConfigurationName = Release;
		};
		A980A9691AF813A900863477 /* Build configuration list for PBXNativeTarget "MemeMeTests" */ = {
			isa = XCConfigurationList;
			buildConfigurations = (
				A980A96A1AF813A900863477 /* Debug */,
				A980A96B1AF813A900863477 /* Release */,
			);
			defaultConfigurationIsVisible = 0;
			defaultConfigurationName = Release;
		};
/* End XCConfigurationList section */
	};
	rootObject = A980A93F1AF813A900863477 /* Project object */;
}
